Microsoft Visual Studio Solution File, Format Version 12.00
# Visual Studio Version 17
VisualStudioVersion = 17.5.002.0
MinimumVisualStudioVersion = 10.0.40219.1
Project("{A7BFA9E3-38F6-4DA0-B0B4-06F92388C9AA}") = "Persist", "Persist\Persist.csproj", "{A7BFA9E3-38F6-4DA0-B0B4-06F92388C9AA}"
EndProject
Project("{eab1e2e9-382a-4446-914a-3c6608cbecda}") = "Presentation", "Presentation\Presentation.csproj", "{eab1e2e9-382a-4446-914a-3c6608cbecda}"
EndProject
Project("{256aac97-c14e-4db9-b079-a707de8698f0}") = "Services", "Services\Services.csproj", "{256aac97-c14e-4db9-b079-a707de8698f0}"
EndProject
Project("{FAE04EC0-301F-11D3-BF4B-00C04F79EFBC}") = "Test", "Test\Test.csproj", "{E09A73C5-BF6D-4024-833C-9A34BC6CA83C}"
EndProject
Project("{FAE04EC0-301F-11D3-BF4B-00C04F79EFBC}") = "Ressources", "Ressources\Ressources.csproj", "{CAFC0182-077E-42D3-AF1F-E7ABA843AB5D}"
EndProject
Global
	GlobalSection(SolutionConfigurationPlatforms) = preSolution
		Debug|Any CPU = Debug|Any CPU
		Release|Any CPU = Release|Any CPU
	EndGlobalSection
	GlobalSection(ProjectConfigurationPlatforms) = postSolution
		{A7BFA9E3-38F6-4DA0-B0B4-06F92388C9AA}.Debug|Any CPU.ActiveCfg = Debug|Any CPU
		{A7BFA9E3-38F6-4DA0-B0B4-06F92388C9AA}.Debug|Any CPU.Build.0 = Debug|Any CPU
		{A7BFA9E3-38F6-4DA0-B0B4-06F92388C9AA}.Release|Any CPU.ActiveCfg = Release|Any CPU
		{A7BFA9E3-38F6-4DA0-B0B4-06F92388C9AA}.Release|Any CPU.Build.0 = Release|Any CPU
		{eab1e2e9-382a-4446-914a-3c6608cbecda}.Debug|Any CPU.ActiveCfg = Debug|Any CPU
		{eab1e2e9-382a-4446-914a-3c6608cbecda}.Debug|Any CPU.Build.0 = Debug|Any CPU
		{eab1e2e9-382a-4446-914a-3c6608cbecda}.Release|Any CPU.ActiveCfg = Release|Any CPU
		{eab1e2e9-382a-4446-914a-3c6608cbecda}.Release|Any CPU.Build.0 = Release|Any CPU
		{256aac97-c14e-4db9-b079-a707de8698f0}.Debug|Any CPU.ActiveCfg = Debug|Any CPU
		{256aac97-c14e-4db9-b079-a707de8698f0}.Debug|Any CPU.Build.0 = Debug|Any CPU
		{256aac97-c14e-4db9-b079-a707de8698f0}.Release|Any CPU.ActiveCfg = Release|Any CPU
		{256aac97-c14e-4db9-b079-a707de8698f0}.Release|Any CPU.Build.0 = Release|Any CPU
		{E09A73C5-BF6D-4024-833C-9A34BC6CA83C}.Debug|Any CPU.ActiveCfg = Debug|Any CPU
		{E09A73C5-BF6D-4024-833C-9A34BC6CA83C}.Debug|Any CPU.Build.0 = Debug|Any CPU
		{E09A73C5-BF6D-4024-833C-9A34BC6CA83C}.Release|Any CPU.ActiveCfg = Release|Any CPU
		{E09A73C5-BF6D-4024-833C-9A34BC6CA83C}.Release|Any CPU.Build.0 = Release|Any CPU
		{CAFC0182-077E-42D3-AF1F-E7ABA843AB5D}.Debug|Any CPU.ActiveCfg = Debug|Any CPU
		{CAFC0182-077E-42D3-AF1F-E7ABA843AB5D}.Debug|Any CPU.Build.0 = Debug|Any CPU
		{CAFC0182-077E-42D3-AF1F-E7ABA843AB5D}.Release|Any CPU.ActiveCfg = Release|Any CPU
		{CAFC0182-077E-42D3-AF1F-E7ABA843AB5D}.Release|Any CPU.Build.0 = Release|Any CPU
	EndGlobalSection
	GlobalSection(SolutionProperties) = preSolution
		HideSolutionNode = FALSE
		StartupProject = Presentation
	EndGlobalSection
	GlobalSection(ExtensibilityGlobals) = postSolution
		SolutionGuid = {70CF8C86-7B2B-47B1-BDEF-6AD703FB3BD3}
	EndGlobalSection
EndGlobal
